// !$*UTF8*$!
{
	archiveVersion = 1;
	classes = {
	};
	objectVersion = 48;
	objects = {

/* Begin PBXBuildFile section */
		4A085D161F7DE79C00CDE258 /* AppDelegate.m in Sources */ = {isa = PBXBuildFile; fileRef = 4A085D151F7DE79C00CDE258 /* AppDelegate.m */; };
		4A085D191F7DE79C00CDE258 /* ViewController.m in Sources */ = {isa = PBXBuildFile; fileRef = 4A085D181F7DE79C00CDE258 /* ViewController.m */; };
		4A085D1C1F7DE79C00CDE258 /* Main.storyboard in Resources */ = {isa = PBXBuildFile; fileRef = 4A085D1A1F7DE79C00CDE258 /* Main.storyboard */; };
		4A085D1E1F7DE79C00CDE258 /* Assets.xcassets in Resources */ = {isa = PBXBuildFile; fileRef = 4A085D1D1F7DE79C00CDE258 /* Assets.xcassets */; };
		4A085D211F7DE79C00CDE258 /* LaunchScreen.storyboard in Resources */ = {isa = PBXBuildFile; fileRef = 4A085D1F1F7DE79C00CDE258 /* LaunchScreen.storyboard */; };
		4A085D241F7DE79C00CDE258 /* main.m in Sources */ = {isa = PBXBuildFile; fileRef = 4A085D231F7DE79C00CDE258 /* main.m */; };
		4A085D2E1F7DE79D00CDE258 /* WWDataTests.m in Sources */ = {isa = PBXBuildFile; fileRef = 4A085D2D1F7DE79D00CDE258 /* WWDataTests.m */; };
		4A085D391F7DE79D00CDE258 /* WWDataUITests.m in Sources */ = {isa = PBXBuildFile; fileRef = 4A085D381F7DE79D00CDE258 /* WWDataUITests.m */; };
		4A085D481F7DE7F500CDE258 /* FirstViewController.m in Sources */ = {isa = PBXBuildFile; fileRef = 4A085D471F7DE7F500CDE258 /* FirstViewController.m */; };
		4A085D4B1F7DE80000CDE258 /* SecondViewController.m in Sources */ = {isa = PBXBuildFile; fileRef = 4A085D4A1F7DE80000CDE258 /* SecondViewController.m */; };
		4A085D4E1F7E21A600CDE258 /* Person.m in Sources */ = {isa = PBXBuildFile; fileRef = 4A085D4D1F7E21A600CDE258 /* Person.m */; };
/* End PBXBuildFile section */

/* Begin PBXContainerItemProxy section */
		4A085D2A1F7DE79D00CDE258 /* PBXContainerItemProxy */ = {
			isa = PBXContainerItemProxy;
			containerPortal = 4A085D091F7DE79C00CDE258 /* Project object */;
			proxyType = 1;
			remoteGlobalIDString = 4A085D101F7DE79C00CDE258;
			remoteInfo = WWData;
		};
		4A085D351F7DE79D00CDE258 /* PBXContainerItemProxy */ = {
			isa = PBXContainerItemProxy;
			containerPortal = 4A085D091F7DE79C00CDE258 /* Project object */;
			proxyType = 1;
			remoteGlobalIDString = 4A085D101F7DE79C00CDE258;
			remoteInfo = WWData;
		};
/* End PBXContainerItemProxy section */

/* Begin PBXFileReference section */
		4A085D111F7DE79C00CDE258 /* WWData.app */ = {isa = PBXFileReference; explicitFileType = wrapper.application; includeInIndex = 0; path = WWData.app; sourceTree = BUILT_PRODUCTS_DIR; };
		4A085D141F7DE79C00CDE258 /* AppDelegate.h */ = {isa = PBXFileReference; lastKnownFileType = sourcecode.c.h; path = AppDelegate.h; sourceTree = "<group>"; };
		4A085D151F7DE79C00CDE258 /* AppDelegate.m */ = {isa = PBXFileReference; lastKnownFileType = sourcecode.c.objc; path = AppDelegate.m; sourceTree = "<group>"; };
		4A085D171F7DE79C00CDE258 /* ViewController.h */ = {isa = PBXFileReference; lastKnownFileType = sourcecode.c.h; path = ViewController.h; sourceTree = "<group>"; };
		4A085D181F7DE79C00CDE258 /* ViewController.m */ = {isa = PBXFileReference; lastKnownFileType = sourcecode.c.objc; path = ViewController.m; sourceTree = "<group>"; };
		4A085D1B1F7DE79C00CDE258 /* Base */ = {isa = PBXFileReference; lastKnownFileType = file.storyboard; name = Base; path = Base.lproj/Main.storyboard; sourceTree = "<group>"; };
		4A085D1D1F7DE79C00CDE258 /* Assets.xcassets */ = {isa = PBXFileReference; lastKnownFileType = folder.assetcatalog; path = Assets.xcassets; sourceTree = "<group>"; };
		4A085D201F7DE79C00CDE258 /* Base */ = {isa = PBXFileReference; lastKnownFileType = file.storyboard; name = Base; path = Base.lproj/LaunchScreen.storyboard; sourceTree = "<group>"; };
		4A085D221F7DE79C00CDE258 /* Info.plist */ = {isa = PBXFileReference; lastKnownFileType = text.plist.xml; path = Info.plist; sourceTree = "<group>"; };
		4A085D231F7DE79C00CDE258 /* main.m */ = {isa = PBXFileReference; lastKnownFileType = sourcecode.c.objc; path = main.m; sourceTree = "<group>"; };
		4A085D291F7DE79D00CDE258 /* WWDataTests.xctest */ = {isa = PBXFileReference; explicitFileType = wrapper.cfbundle; includeInIndex = 0; path = WWDataTests.xctest; sourceTree = BUILT_PRODUCTS_DIR; };
		4A085D2D1F7DE79D00CDE258 /* WWDataTests.m */ = {isa = PBXFileReference; lastKnownFileType = sourcecode.c.objc; path = WWDataTests.m; sourceTree = "<group>"; };
		4A085D2F1F7DE79D00CDE258 /* Info.plist */ = {isa = PBXFileReference; lastKnownFileType = text.plist.xml; path = Info.plist; sourceTree = "<group>"; };
		4A085D341F7DE79D00CDE258 /* WWDataUITests.xctest */ = {isa = PBXFileReference; explicitFileType = wrapper.cfbundle; includeInIndex = 0; path = WWDataUITests.xctest; sourceTree = BUILT_PRODUCTS_DIR; };
		4A085D381F7DE79D00CDE258 /* WWDataUITests.m */ = {isa = PBXFileReference; lastKnownFileType = sourcecode.c.objc; path = WWDataUITests.m; sourceTree = "<group>"; };
		4A085D3A1F7DE79D00CDE258 /* Info.plist */ = {isa = PBXFileReference; lastKnownFileType = text.plist.xml; path = Info.plist; sourceTree = "<group>"; };
		4A085D461F7DE7F500CDE258 /* FirstViewController.h */ = {isa = PBXFileReference; lastKnownFileType = sourcecode.c.h; path = FirstViewController.h; sourceTree = "<group>"; };
		4A085D471F7DE7F500CDE258 /* FirstViewController.m */ = {isa = PBXFileReference; lastKnownFileType = sourcecode.c.objc; path = FirstViewController.m; sourceTree = "<group>"; };
		4A085D491F7DE80000CDE258 /* SecondViewController.h */ = {isa = PBXFileReference; lastKnownFileType = sourcecode.c.h; path = SecondViewController.h; sourceTree = "<group>"; };
		4A085D4A1F7DE80000CDE258 /* SecondViewController.m */ = {isa = PBXFileReference; lastKnownFileType = sourcecode.c.objc; path = SecondViewController.m; sourceTree = "<group>"; };
		4A085D4C1F7E21A600CDE258 /* Person.h */ = {isa = PBXFileReference; lastKnownFileType = sourcecode.c.h; path = Person.h; sourceTree = "<group>"; };
		4A085D4D1F7E21A600CDE258 /* Person.m */ = {isa = PBXFileReference; lastKnownFileType = sourcecode.c.objc; path = Person.m; sourceTree = "<group>"; };
/* End PBXFileReference section */

/* Begin PBXFrameworksBuildPhase section */
		4A085D0E1F7DE79C00CDE258 /* Frameworks */ = {
			isa = PBXFrameworksBuildPhase;
			buildActionMask = 2147483647;
			files = (
			);
			runOnlyForDeploymentPostprocessing = 0;
		};
		4A085D261F7DE79D00CDE258 /* Frameworks */ = {
			isa = PBXFrameworksBuildPhase;
			buildActionMask = 2147483647;
			files = (
			);
			runOnlyForDeploymentPostprocessing = 0;
		};
		4A085D311F7DE79D00CDE258 /* Frameworks */ = {
			isa = PBXFrameworksBuildPhase;
			buildActionMask = 2147483647;
			files = (
			);
			runOnlyForDeploymentPostprocessing = 0;
		};
/* End PBXFrameworksBuildPhase section */

/* Begin PBXGroup section */
		4A085D081F7DE79C00CDE258 = {
			isa = PBXGroup;
			children = (
				4A085D131F7DE79C00CDE258 /* WWData */,
				4A085D2C1F7DE79D00CDE258 /* WWDataTests */,
				4A085D371F7DE79D00CDE258 /* WWDataUITests */,
				4A085D121F7DE79C00CDE258 /* Products */,
			);
			sourceTree = "<group>";
		};
		4A085D121F7DE79C00CDE258 /* Products */ = {
			isa = PBXGroup;
			children = (
				4A085D111F7DE79C00CDE258 /* WWData.app */,
				4A085D291F7DE79D00CDE258 /* WWDataTests.xctest */,
				4A085D341F7DE79D00CDE258 /* WWDataUITests.xctest */,
			);
			name = Products;
			sourceTree = "<group>";
		};
		4A085D131F7DE79C00CDE258 /* WWData */ = {
			isa = PBXGroup;
			children = (
				4A085D141F7DE79C00CDE258 /* AppDelegate.h */,
				4A085D151F7DE79C00CDE258 /* AppDelegate.m */,
				4A085D171F7DE79C00CDE258 /* ViewController.h */,
				4A085D181F7DE79C00CDE258 /* ViewController.m */,
				4A085D461F7DE7F500CDE258 /* FirstViewController.h */,
				4A085D471F7DE7F500CDE258 /* FirstViewController.m */,
				4A085D4C1F7E21A600CDE258 /* Person.h */,
				4A085D4D1F7E21A600CDE258 /* Person.m */,
				4A085D491F7DE80000CDE258 /* SecondViewController.h */,
				4A085D4A1F7DE80000CDE258 /* SecondViewController.m */,
				4A085D1A1F7DE79C00CDE258 /* Main.storyboard */,
				4A085D1D1F7DE79C00CDE258 /* Assets.xcassets */,
				4A085D1F1F7DE79C00CDE258 /* LaunchScreen.storyboard */,
				4A085D221F7DE79C00CDE258 /* Info.plist */,
				4A085D231F7DE79C00CDE258 /* main.m */,
			);
			path = WWData;
			sourceTree = "<group>";
		};
		4A085D2C1F7DE79D00CDE258 /* WWDataTests */ = {
			isa = PBXGroup;
			children = (
				4A085D2D1F7DE79D00CDE258 /* WWDataTests.m */,
				4A085D2F1F7DE79D00CDE258 /* Info.plist */,
			);
			path = WWDataTests;
			sourceTree = "<group>";
		};
		4A085D371F7DE79D00CDE258 /* WWDataUITests */ = {
			isa = PBXGroup;
			children = (
				4A085D381F7DE79D00CDE258 /* WWDataUITests.m */,
				4A085D3A1F7DE79D00CDE258 /* Info.plist */,
			);
			path = WWDataUITests;
			sourceTree = "<group>";
		};
/* End PBXGroup section */

/* Begin PBXNativeTarget section */
		4A085D101F7DE79C00CDE258 /* WWData */ = {
			isa = PBXNativeTarget;
			buildConfigurationList = 4A085D3D1F7DE79D00CDE258 /* Build configuration list for PBXNativeTarget "WWData" */;
			buildPhases = (
				4A085D0D1F7DE79C00CDE258 /* Sources */,
				4A085D0E1F7DE79C00CDE258 /* Frameworks */,
				4A085D0F1F7DE79C00CDE258 /* Resources */,
			);
			buildRules = (
			);
			dependencies = (
			);
			name = WWData;
			productName = WWData;
			productReference = 4A085D111F7DE79C00CDE258 /* WWData.app */;
			productType = "com.apple.product-type.application";
		};
		4A085D281F7DE79D00CDE258 /* WWDataTests */ = {
			isa = PBXNativeTarget;
			buildConfigurationList = 4A085D401F7DE79D00CDE258 /* Build configuration list for PBXNativeTarget "WWDataTests" */;
			buildPhases = (
				4A085D251F7DE79D00CDE258 /* Sources */,
				4A085D261F7DE79D00CDE258 /* Frameworks */,
				4A085D271F7DE79D00CDE258 /* Resources */,
			);
			buildRules = (
			);
			dependencies = (
				4A085D2B1F7DE79D00CDE258 /* PBXTargetDependency */,
			);
			name = WWDataTests;
			productName = WWDataTests;
			productReference = 4A085D291F7DE79D00CDE258 /* WWDataTests.xctest */;
			productType = "com.apple.product-type.bundle.unit-test";
		};
		4A085D331F7DE79D00CDE258 /* WWDataUITests */ = {
			isa = PBXNativeTarget;
			buildConfigurationList = 4A085D431F7DE79D00CDE258 /* Build configuration list for PBXNativeTarget "WWDataUITests" */;
			buildPhases = (
				4A085D301F7DE79D00CDE258 /* Sources */,
				4A085D311F7DE79D00CDE258 /* Frameworks */,
				4A085D321F7DE79D00CDE258 /* Resources */,
			);
			buildRules = (
			);
			dependencies = (
				4A085D361F7DE79D00CDE258 /* PBXTargetDependency */,
			);
			name = WWDataUITests;
			productName = WWDataUITests;
			productReference = 4A085D341F7DE79D00CDE258 /* WWDataUITests.xctest */;
			productType = "com.apple.product-type.bundle.ui-testing";
		};
/* End PBXNativeTarget section */

/* Begin PBXProject section */
		4A085D091F7DE79C00CDE258 /* Project object */ = {
			isa = PBXProject;
			attributes = {
				LastUpgradeCheck = 0900;
				ORGANIZATIONNAME = "wangwei-WW";
				TargetAttributes = {
					4A085D101F7DE79C00CDE258 = {
						CreatedOnToolsVersion = 9.0;
						ProvisioningStyle = Automatic;
					};
					4A085D281F7DE79D00CDE258 = {
						CreatedOnToolsVersion = 9.0;
						ProvisioningStyle = Automatic;
						TestTargetID = 4A085D101F7DE79C00CDE258;
					};
					4A085D331F7DE79D00CDE258 = {
						CreatedOnToolsVersion = 9.0;
						ProvisioningStyle = Automatic;
						TestTargetID = 4A085D101F7DE79C00CDE258;
					};
				};
			};
			buildConfigurationList = 4A085D0C1F7DE79C00CDE258 /* Build configuration list for PBXProject "WWData" */;
			compatibilityVersion = "Xcode 8.0";
			developmentRegion = en;
			hasScannedForEncodings = 0;
			knownRegions = (
				en,
				Base,
			);
			mainGroup = 4A085D081F7DE79C00CDE258;
			productRefGroup = 4A085D121F7DE79C00CDE258 /* Products */;
			projectDirPath = "";
			projectRoot = "";
			targets = (
				4A085D101F7DE79C00CDE258 /* WWData */,
				4A085D281F7DE79D00CDE258 /* WWDataTests */,
				4A085D331F7DE79D00CDE258 /* WWDataUITests */,
			);
		};
/* End PBXProject section */

/* Begin PBXResourcesBuildPhase section */
		4A085D0F1F7DE79C00CDE258 /* Resources */ = {
			isa = PBXResourcesBuildPhase;
			buildActionMask = 2147483647;
			files = (
				4A085D211F7DE79C00CDE258 /* LaunchScreen.storyboard in Resources */,
				4A085D1E1F7DE79C00CDE258 /* Assets.xcassets in Resources */,
				4A085D1C1F7DE79C00CDE258 /* Main.storyboard in Resources */,
			);
			runOnlyForDeploymentPostprocessing = 0;
		};
		4A085D271F7DE79D00CDE258 /* Resources */ = {
			isa = PBXResourcesBuildPhase;
			buildActionMask = 2147483647;
			files = (
			);
			runOnlyForDeploymentPostprocessing = 0;
		};
		4A085D321F7DE79D00CDE258 /* Resources */ = {
			isa = PBXResourcesBuildPhase;
			buildActionMask = 2147483647;
			files = (
			);
			runOnlyForDeploymentPostprocessing = 0;
		};
/* End PBXResourcesBuildPhase section */

/* Begin PBXSourcesBuildPhase section */
		4A085D0D1F7DE79C00CDE258 /* Sources */ = {
			isa = PBXSourcesBuildPhase;
			buildActionMask = 2147483647;
			files = (
				4A085D4E1F7E21A600CDE258 /* Person.m in Sources */,
				4A085D4B1F7DE80000CDE258 /* SecondViewController.m in Sources */,
				4A085D191F7DE79C00CDE258 /* ViewController.m in Sources */,
				4A085D241F7DE79C00CDE258 /* main.m in Sources */,
				4A085D161F7DE79C00CDE258 /* AppDelegate.m in Sources */,
				4A085D481F7DE7F500CDE258 /* FirstViewController.m in Sources */,
			);
			runOnlyForDeploymentPostprocessing = 0;
		};
		4A085D251F7DE79D00CDE258 /* Sources */ = {
			isa = PBXSourcesBuildPhase;
			buildActionMask = 2147483647;
			files = (
				4A085D2E1F7DE79D00CDE258 /* WWDataTests.m in Sources */,
			);
			runOnlyForDeploymentPostprocessing = 0;
		};
		4A085D301F7DE79D00CDE258 /* Sources */ = {
			isa = PBXSourcesBuildPhase;
			buildActionMask = 2147483647;
			files = (
				4A085D391F7DE79D00CDE258 /* WWDataUITests.m in Sources */,
			);
			runOnlyForDeploymentPostprocessing = 0;
		};
/* End PBXSourcesBuildPhase section */

/* Begin PBXTargetDependency section */
		4A085D2B1F7DE79D00CDE258 /* PBXTargetDependency */ = {
			isa = PBXTargetDependency;
			target = 4A085D101F7DE79C00CDE258 /* WWData */;
			targetProxy = 4A085D2A1F7DE79D00CDE258 /* PBXContainerItemProxy */;
		};
		4A085D361F7DE79D00CDE258 /* PBXTargetDependency */ = {
			isa = PBXTargetDependency;
			target = 4A085D101F7DE79C00CDE258 /* WWData */;
			targetProxy = 4A085D351F7DE79D00CDE258 /* PBXContainerItemProxy */;
		};
/* End PBXTargetDependency section */

/* Begin PBXVariantGroup section */
		4A085D1A1F7DE79C00CDE258 /* Main.storyboard */ = {
			isa = PBXVariantGroup;
			children = (
				4A085D1B1F7DE79C00CDE258 /* Base */,
			);
			name = Main.storyboard;
			sourceTree = "<group>";
		};
		4A085D1F1F7DE79C00CDE258 /* LaunchScreen.storyboard */ = {
			isa = PBXVariantGroup;
			children = (
				4A085D201F7DE79C00CDE258 /* Base */,
			);
			name = LaunchScreen.storyboard;
			sourceTree = "<group>";
		};
/* End PBXVariantGroup section */

/* Begin XCBuildConfiguration section */
		4A085D3B1F7DE79D00CDE258 /* Debug */ = {
			isa = XCBuildConfiguration;
			buildSettings = {
				ALWAYS_SEARCH_USER_PATHS = NO;
				CLANG_ANALYZER_NONNULL = YES;
				CLANG_ANALYZER_NUMBER_OBJECT_CONVERSION = YES_AGGRESSIVE;
				CLANG_CXX_LANGUAGE_STANDARD = "gnu++14";
				CLANG_CXX_LIBRARY = "libc++";
				CLANG_ENABLE_MODULES = YES;
				CLANG_ENABLE_OBJC_ARC = YES;
				CLANG_WARN_BLOCK_CAPTURE_AUTORELEASING = YES;
				CLANG_WARN_BOOL_CONVERSION = YES;
				CLANG_WARN_COMMA = YES;
				CLANG_WARN_CONSTANT_CONVERSION = YES;
				CLANG_WARN_DIRECT_OBJC_ISA_USAGE = YES_ERROR;
				CLANG_WARN_DOCUMENTATION_COMMENTS = YES;
				CLANG_WARN_EMPTY_BODY = YES;
				CLANG_WARN_ENUM_CONVERSION = YES;
				CLANG_WARN_INFINITE_RECURSION = YES;
				CLANG_WARN_INT_CONVERSION = YES;
				CLANG_WARN_NON_LITERAL_NULL_CONVERSION = YES;
				CLANG_WARN_OBJC_LITERAL_CONVERSION = YES;
				CLANG_WARN_OBJC_ROOT_CLASS = YES_ERROR;
				CLANG_WARN_RANGE_LOOP_ANALYSIS = YES;
				CLANG_WARN_STRICT_PROTOTYPES = YES;
				CLANG_WARN_SUSPICIOUS_MOVE = YES;
				CLANG_WARN_UNGUARDED_AVAILABILITY = YES_AGGRESSIVE;
				CLANG_WARN_UNREACHABLE_CODE = YES;
				CLANG_WARN__DUPLICATE_METHOD_MATCH = YES;
				CODE_SIGN_IDENTITY = "iPhone Developer";
				COPY_PHASE_STRIP = NO;
				DEBUG_INFORMATION_FORMAT = dwarf;
				ENABLE_STRICT_OBJC_MSGSEND = YES;
				ENABLE_TESTABILITY = YES;
				GCC_C_LANGUAGE_STANDARD = gnu11;
				GCC_DYNAMIC_NO_PIC = NO;
				GCC_NO_COMMON_BLOCKS = YES;
				GCC_OPTIMIZATION_LEVEL = 0;
				GCC_PREPROCESSOR_DEFINITIONS = (
					"DEBUG=1",
					"$(inherited)",
				);
				GCC_WARN_64_TO_32_BIT_CONVERSION = YES;
				GCC_WARN_ABOUT_RETURN_TYPE = YES_ERROR;
				GCC_WARN_UNDECLARED_SELECTOR = YES;
				GCC_WARN_UNINITIALIZED_AUTOS = YES_AGGRESSIVE;
				GCC_WARN_UNUSED_FUNCTION = YES;
				GCC_WARN_UNUSED_VARIABLE = YES;
				IPHONEOS_DEPLOYMENT_TARGET = 11.0;
				MTL_ENABLE_DEBUG_INFO = YES;
				ONLY_ACTIVE_ARCH = YES;
				SDKROOT = iphoneos;
			};
			name = Debug;
		};
		4A085D3C1F7DE79D00CDE258 /* Release */ = {
			isa = XCBuildConfiguration;
			buildSettings = {
				ALWAYS_SEARCH_USER_PATHS = NO;
				CLANG_ANALYZER_NONNULL = YES;
				CLANG_ANALYZER_NUMBER_OBJECT_CONVERSION = YES_AGGRESSIVE;
				CLANG_CXX_LANGUAGE_STANDARD = "gnu++14";
				CLANG_CXX_LIBRARY = "libc++";
				CLANG_ENABLE_MODULES = YES;
				CLANG_ENABLE_OBJC_ARC = YES;
				CLANG_WARN_BLOCK_CAPTURE_AUTORELEASING = YES;
				CLANG_WARN_BOOL_CONVERSION = YES;
				CLANG_WARN_COMMA = YES;
				CLANG_WARN_CONSTANT_CONVERSION = YES;
				CLANG_WARN_DIRECT_OBJC_ISA_USAGE = YES_ERROR;
				CLANG_WARN_DOCUMENTATION_COMMENTS = YES;
				CLANG_WARN_EMPTY_BODY = YES;
				CLANG_WARN_ENUM_CONVERSION = YES;
				CLANG_WARN_INFINITE_RECURSION = YES;
				CLANG_WARN_INT_CONVERSION = YES;
				CLANG_WARN_NON_LITERAL_NULL_CONVERSION = YES;
				CLANG_WARN_OBJC_LITERAL_CONVERSION = YES;
				CLANG_WARN_OBJC_ROOT_CLASS = YES_ERROR;
				CLANG_WARN_RANGE_LOOP_ANALYSIS = YES;
				CLANG_WARN_STRICT_PROTOTYPES = YES;
				CLANG_WARN_SUSPICIOUS_MOVE = YES;
				CLANG_WARN_UNGUARDED_AVAILABILITY = YES_AGGRESSIVE;
				CLANG_WARN_UNREACHABLE_CODE = YES;
				CLANG_WARN__DUPLICATE_METHOD_MATCH = YES;
				CODE_SIGN_IDENTITY = "iPhone Developer";
				COPY_PHASE_STRIP = NO;
				DEBUG_INFORMATION_FORMAT = "dwarf-with-dsym";
				ENABLE_NS_ASSERTIONS = NO;
				ENABLE_STRICT_OBJC_MSGSEND = YES;
				GCC_C_LANGUAGE_STANDARD = gnu11;
				GCC_NO_COMMON_BLOCKS = YES;
				GCC_WARN_64_TO_32_BIT_CONVERSION = YES;
				GCC_WARN_ABOUT_RETURN_TYPE = YES_ERROR;
				GCC_WARN_UNDECLARED_SELECTOR = YES;
				GCC_WARN_UNINITIALIZED_AUTOS = YES_AGGRESSIVE;
				GCC_WARN_UNUSED_FUNCTION = YES;
				GCC_WARN_UNUSED_VARIABLE = YES;
				IPHONEOS_DEPLOYMENT_TARGET = 11.0;
				MTL_ENABLE_DEBUG_INFO = NO;
				SDKROOT = iphoneos;
				VALIDATE_PRODUCT = YES;
			};
			name = Release;
		};
		4A085D3E1F7DE79D00CDE258 /* Debug */ = {
			isa = XCBuildConfiguration;
			buildSettings = {
				ASSETCATALOG_COMPILER_APPICON_NAME = AppIcon;
				CODE_SIGN_STYLE = Automatic;
				INFOPLIST_FILE = WWData/Info.plist;
				LD_RUNPATH_SEARCH_PATHS = "$(inherited) @executable_path/Frameworks";
				PRODUCT_BUNDLE_IDENTIFIER = "BZ-wangwei.WWData";
				PRODUCT_NAME = "$(TARGET_NAME)";
				TARGETED_DEVICE_FAMILY = "1,2";
			};
			name = Debug;
		};
		4A085D3F1F7DE79D00CDE258 /* Release */ = {
			isa = XCBuildConfiguration;
			buildSettings = {
				ASSETCATALOG_COMPILER_APPICON_NAME = AppIcon;
				CODE_SIGN_STYLE = Automatic;
				INFOPLIST_FILE = WWData/Info.plist;
				LD_RUNPATH_SEARCH_PATHS = "$(inherited) @executable_path/Frameworks";
				PRODUCT_BUNDLE_IDENTIFIER = "BZ-wangwei.WWData";
				PRODUCT_NAME = "$(TARGET_NAME)";
				TARGETED_DEVICE_FAMILY = "1,2";
			};
			name = Release;
		};
		4A085D411F7DE79D00CDE258 /* Debug */ = {
			isa = XCBuildConfiguration;
			buildSettings = {
				BUNDLE_LOADER = "$(TEST_HOST)";
				CODE_SIGN_STYLE = Automatic;
				INFOPLIST_FILE = WWDataTests/Info.plist;
				LD_RUNPATH_SEARCH_PATHS = "$(inherited) @executable_path/Frameworks @loader_path/Frameworks";
				PRODUCT_BUNDLE_IDENTIFIER = "BZ-wangwei.WWDataTests";
				PRODUCT_NAME = "$(TARGET_NAME)";
				TARGETED_DEVICE_FAMILY = "1,2";
				TEST_HOST = "$(BUILT_PRODUCTS_DIR)/WWData.app/WWData";
			};
			name = Debug;
		};
		4A085D421F7DE79D00CDE258 /* Release */ = {
			isa = XCBuildConfiguration;
			buildSettings = {
				BUNDLE_LOADER = "$(TEST_HOST)";
				CODE_SIGN_STYLE = Automatic;
				INFOPLIST_FILE = WWDataTests/Info.plist;
				LD_RUNPATH_SEARCH_PATHS = "$(inherited) @executable_path/Frameworks @loader_path/Frameworks";
				PRODUCT_BUNDLE_IDENTIFIER = "BZ-wangwei.WWDataTests";
				PRODUCT_NAME = "$(TARGET_NAME)";
				TARGETED_DEVICE_FAMILY = "1,2";
				TEST_HOST = "$(BUILT_PRODUCTS_DIR)/WWData.app/WWData";
			};
			name = Release;
		};
		4A085D441F7DE79D00CDE258 /* Debug */ = {
			isa = XCBuildConfiguration;
			buildSettings = {
				CODE_SIGN_STYLE = Automatic;
				INFOPLIST_FILE = WWDataUITests/Info.plist;
				LD_RUNPATH_SEARCH_PATHS = "$(inherited) @executable_path/Frameworks @loader_path/Frameworks";
				PRODUCT_BUNDLE_IDENTIFIER = "BZ-wangwei.WWDataUITests";
				PRODUCT_NAME = "$(TARGET_NAME)";
				TARGETED_DEVICE_FAMILY = "1,2";
				TEST_TARGET_NAME = WWData;
			};
			name = Debug;
		};
		4A085D451F7DE79D00CDE258 /* Release */ = {
			isa = XCBuildConfiguration;
			buildSettings = {
				CODE_SIGN_STYLE = Automatic;
				INFOPLIST_FILE = WWDataUITests/Info.plist;
				LD_RUNPATH_SEARCH_PATHS = "$(inherited) @executable_path/Frameworks @loader_path/Frameworks";
				PRODUCT_BUNDLE_IDENTIFIER = "BZ-wangwei.WWDataUITests";
				PRODUCT_NAME = "$(TARGET_NAME)";
				TARGETED_DEVICE_FAMILY = "1,2";
				TEST_TARGET_NAME = WWData;
			};
			name = Release;
		};
/* End XCBuildConfiguration section */

/* Begin XCConfigurationList section */
		4A085D0C1F7DE79C00CDE258 /* Build configuration list for PBXProject "WWData" */ = {
			isa = XCConfigurationList;
			buildConfigurations = (
				4A085D3B1F7DE79D00CDE258 /* Debug */,
				4A085D3C1F7DE79D00CDE258 /* Release */,
			);
			defaultConfigurationIsVisible = 0;
			defaultConfigurationName = Release;
		};
		4A085D3D1F7DE79D00CDE258 /* Build configuration list for PBXNativeTarget "WWData" */ = {
			isa = XCConfigurationList;
			buildConfigurations = (
				4A085D3E1F7DE79D00CDE258 /* Debug */,
				4A085D3F1F7DE79D00CDE258 /* Release */,
			);
			defaultConfigurationIsVisible = 0;
			defaultConfigurationName = Release;
		};
		4A085D401F7DE79D00CDE258 /* Build configuration list for PBXNativeTarget "WWDataTests" */ = {
			isa = XCConfigurationList;
			buildConfigurations = (
				4A085D411F7DE79D00CDE258 /* Debug */,
				4A085D421F7DE79D00CDE258 /* Release */,
			);
			defaultConfigurationIsVisible = 0;
			defaultConfigurationName = Release;
		};
		4A085D431F7DE79D00CDE258 /* Build configuration list for PBXNativeTarget "WWDataUITests" */ = {
			isa = XCConfigurationList;
			buildConfigurations = (
				4A085D441F7DE79D00CDE258 /* Debug */,
				4A085D451F7DE79D00CDE258 /* Release */,
			);
			defaultConfigurationIsVisible = 0;
			defaultConfigurationName = Release;
		};
/* End XCConfigurationList section */
	};
	rootObject = 4A085D091F7DE79C00CDE258 /* Project object */;
}
